
Microsoft Visual Studio Solution File, Format Version 12.00
# Visual Studio Version 17
VisualStudioVersion = 17.5.33414.496
MinimumVisualStudioVersion = 10.0.40219.1
Project("{9A19103F-16F7-4668-BE54-9A1E7A4F7556}") = "BookShop.Data", "05.EF - Advanced Quering\BookShop.Data.csproj", "{79D9EB7B-51F2-432E-B8BB-EFBE968DE260}"
EndProject
Project("{9A19103F-16F7-4668-BE54-9A1E7A4F7556}") = "BookShop.Models", "BookShop.Models\BookShop.Models.csproj", "{06A6D7D6-45C5-43CE-AF51-ADECCEB82D69}"
EndProject
Project("{9A19103F-16F7-4668-BE54-9A1E7A4F7556}") = "BookShop.API", "BookShop.API\BookShop.API.csproj", "{F9045269-DDA6-45D6-AF6C-F82233C45BE4}"
EndProject
Project("{FAE04EC0-301F-11D3-BF4B-00C04F79EFBC}") = "BookShop.App", "BookShop.App\BookShop.App.csproj", "{17C8694F-389E-4D07-B43C-7BE608E78A5A}"
EndProject
Global
	GlobalSection(SolutionConfigurationPlatforms) = preSolution
		Debug|Any CPU = Debug|Any CPU
		Release|Any CPU = Release|Any CPU
	EndGlobalSection
	GlobalSection(ProjectConfigurationPlatforms) = postSolution
		{79D9EB7B-51F2-432E-B8BB-EFBE968DE260}.Debug|Any CPU.ActiveCfg = Debug|Any CPU
		{79D9EB7B-51F2-432E-B8BB-EFBE968DE260}.Debug|Any CPU.Build.0 = Debug|Any CPU
		{79D9EB7B-51F2-432E-B8BB-EFBE968DE260}.Release|Any CPU.ActiveCfg = Release|Any CPU
		{79D9EB7B-51F2-432E-B8BB-EFBE968DE260}.Release|Any CPU.Build.0 = Release|Any CPU
		{06A6D7D6-45C5-43CE-AF51-ADECCEB82D69}.Debug|Any CPU.ActiveCfg = Debug|Any CPU
		{06A6D7D6-45C5-43CE-AF51-ADECCEB82D69}.Debug|Any CPU.Build.0 = Debug|Any CPU
		{06A6D7D6-45C5-43CE-AF51-ADECCEB82D69}.Release|Any CPU.ActiveCfg = Release|Any CPU
		{06A6D7D6-45C5-43CE-AF51-ADECCEB82D69}.Release|Any CPU.Build.0 = Release|Any CPU
		{F9045269-DDA6-45D6-AF6C-F82233C45BE4}.Debug|Any CPU.ActiveCfg = Debug|Any CPU
		{F9045269-DDA6-45D6-AF6C-F82233C45BE4}.Debug|Any CPU.Build.0 = Debug|Any CPU
		{F9045269-DDA6-45D6-AF6C-F82233C45BE4}.Release|Any CPU.ActiveCfg = Release|Any CPU
		{F9045269-DDA6-45D6-AF6C-F82233C45BE4}.Release|Any CPU.Build.0 = Release|Any CPU
		{17C8694F-389E-4D07-B43C-7BE608E78A5A}.Debug|Any CPU.ActiveCfg = Debug|Any CPU
		{17C8694F-389E-4D07-B43C-7BE608E78A5A}.Debug|Any CPU.Build.0 = Debug|Any CPU
		{17C8694F-389E-4D07-B43C-7BE608E78A5A}.Release|Any CPU.ActiveCfg = Release|Any CPU
		{17C8694F-389E-4D07-B43C-7BE608E78A5A}.Release|Any CPU.Build.0 = Release|Any CPU
	EndGlobalSection
	GlobalSection(SolutionProperties) = preSolution
		HideSolutionNode = FALSE
	EndGlobalSection
	GlobalSection(ExtensibilityGlobals) = postSolution
		SolutionGuid = {56DB2C03-81F0-4E9B-8790-4F59E3791F8B}
	EndGlobalSection
EndGlobal
